
Microsoft Visual Studio Solution File, Format Version 12.00
# Visual Studio 2012
Project("{FAE04EC0-301F-11D3-BF4B-00C04F79EFBC}") = "OSU player", "OSU player\OSU player.csproj", "{AE2C38D8-90F2-48AA-84D1-B72263AD1952}"
EndProject
Global
	GlobalSection(SolutionConfigurationPlatforms) = preSolution
		Debug|Any CPU = Debug|Any CPU
		Release|Any CPU = Release|Any CPU
	EndGlobalSection
	GlobalSection(ProjectConfigurationPlatforms) = postSolution
		{AE2C38D8-90F2-48AA-84D1-B72263AD1952}.Debug|Any CPU.ActiveCfg = Debug|Any CPU
		{AE2C38D8-90F2-48AA-84D1-B72263AD1952}.Debug|Any CPU.Build.0 = Debug|Any CPU
		{AE2C38D8-90F2-48AA-84D1-B72263AD1952}.Release|Any CPU.ActiveCfg = Release|Any CPU
		{AE2C38D8-90F2-48AA-84D1-B72263AD1952}.Release|Any CPU.Build.0 = Release|Any CPU
	EndGlobalSection
	GlobalSection(SolutionProperties) = preSolution
		HideSolutionNode = FALSE
	EndGlobalSection
EndGlobal
